// !$*UTF8*$!
{
	archiveVersion = 1;
	classes = {
	};
	objectVersion = 46;
	objects = {

/* Begin PBXBuildFile section */
		14688B531FE5F85100C7801A /* CanvasView.swift in Sources */ = {isa = PBXBuildFile; fileRef = 14688B521FE5F85100C7801A /* CanvasView.swift */; };
		14EC288E1EB7780A0074A2F0 /* AppDelegate.swift in Sources */ = {isa = PBXBuildFile; fileRef = 14EC288D1EB7780A0074A2F0 /* AppDelegate.swift */; };
		14EC28901EB7780A0074A2F0 /* ViewController.swift in Sources */ = {isa = PBXBuildFile; fileRef = 14EC288F1EB7780A0074A2F0 /* ViewController.swift */; };
		14EC28931EB7780A0074A2F0 /* Main.storyboard in Resources */ = {isa = PBXBuildFile; fileRef = 14EC28911EB7780A0074A2F0 /* Main.storyboard */; };
		14EC28951EB7780A0074A2F0 /* Assets.xcassets in Resources */ = {isa = PBXBuildFile; fileRef = 14EC28941EB7780A0074A2F0 /* Assets.xcassets */; };
		14EC28981EB7780A0074A2F0 /* LaunchScreen.storyboard in Resources */ = {isa = PBXBuildFile; fileRef = 14EC28961EB7780A0074A2F0 /* LaunchScreen.storyboard */; };
		9B4B78803D6A2291888EB669 /* Pods_Cocoapods_iOS.framework in Frameworks */ = {isa = PBXBuildFile; fileRef = 2BE8A3094701C26F1EDCD7F8 /* Pods_Cocoapods_iOS.framework */; };
/* End PBXBuildFile section */

/* Begin PBXFileReference section */
		14688B521FE5F85100C7801A /* CanvasView.swift */ = {isa = PBXFileReference; lastKnownFileType = sourcecode.swift; path = CanvasView.swift; sourceTree = "<group>"; };
		14EC288A1EB7780A0074A2F0 /* Cocoapods-iOS.app */ = {isa = PBXFileReference; explicitFileType = wrapper.application; includeInIndex = 0; path = "Cocoapods-iOS.app"; sourceTree = BUILT_PRODUCTS_DIR; };
		14EC288D1EB7780A0074A2F0 /* AppDelegate.swift */ = {isa = PBXFileReference; lastKnownFileType = sourcecode.swift; path = AppDelegate.swift; sourceTree = "<group>"; };
		14EC288F1EB7780A0074A2F0 /* ViewController.swift */ = {isa = PBXFileReference; lastKnownFileType = sourcecode.swift; path = ViewController.swift; sourceTree = "<group>"; };
		14EC28921EB7780A0074A2F0 /* Base */ = {isa = PBXFileReference; lastKnownFileType = file.storyboard; name = Base; path = Base.lproj/Main.storyboard; sourceTree = "<group>"; };
		14EC28941EB7780A0074A2F0 /* Assets.xcassets */ = {isa = PBXFileReference; lastKnownFileType = folder.assetcatalog; path = Assets.xcassets; sourceTree = "<group>"; };
		14EC28971EB7780A0074A2F0 /* Base */ = {isa = PBXFileReference; lastKnownFileType = file.storyboard; name = Base; path = Base.lproj/LaunchScreen.storyboard; sourceTree = "<group>"; };
		14EC28991EB7780A0074A2F0 /* Info.plist */ = {isa = PBXFileReference; lastKnownFileType = text.plist.xml; path = Info.plist; sourceTree = "<group>"; };
		2BE8A3094701C26F1EDCD7F8 /* Pods_Cocoapods_iOS.framework */ = {isa = PBXFileReference; explicitFileType = wrapper.framework; includeInIndex = 0; path = Pods_Cocoapods_iOS.framework; sourceTree = BUILT_PRODUCTS_DIR; };
		A9FA4C8760DADA25CF76E5A7 /* Pods-Cocoapods-iOS.debug.xcconfig */ = {isa = PBXFileReference; includeInIndex = 1; lastKnownFileType = text.xcconfig; name = "Pods-Cocoapods-iOS.debug.xcconfig"; path = "Pods/Target Support Files/Pods-Cocoapods-iOS/Pods-Cocoapods-iOS.debug.xcconfig"; sourceTree = "<group>"; };
		EA9661A8A41BA755C09D981C /* Pods-Cocoapods-iOS.release.xcconfig */ = {isa = PBXFileReference; includeInIndex = 1; lastKnownFileType = text.xcconfig; name = "Pods-Cocoapods-iOS.release.xcconfig"; path = "Pods/Target Support Files/Pods-Cocoapods-iOS/Pods-Cocoapods-iOS.release.xcconfig"; sourceTree = "<group>"; };
/* End PBXFileReference section */

/* Begin PBXFrameworksBuildPhase section */
		14EC28871EB7780A0074A2F0 /* Frameworks */ = {
			isa = PBXFrameworksBuildPhase;
			buildActionMask = 2147483647;
			files = (
				9B4B78803D6A2291888EB669 /* Pods_Cocoapods_iOS.framework in Frameworks */,
			);
			runOnlyForDeploymentPostprocessing = 0;
		};
/* End PBXFrameworksBuildPhase section */

/* Begin PBXGroup section */
		14EC28811EB7780A0074A2F0 = {
			isa = PBXGroup;
			children = (
				14EC288C1EB7780A0074A2F0 /* Cocoapods-iOS */,
				14EC288B1EB7780A0074A2F0 /* Products */,
				B188728292695D2CC6271A84 /* Pods */,
				640C9FC350472BB20C86ADEE /* Frameworks */,
			);
			sourceTree = "<group>";
		};
		14EC288B1EB7780A0074A2F0 /* Products */ = {
			isa = PBXGroup;
			children = (
				14EC288A1EB7780A0074A2F0 /* Cocoapods-iOS.app */,
			);
			name = Products;
			sourceTree = "<group>";
		};
		14EC288C1EB7780A0074A2F0 /* Cocoapods-iOS */ = {
			isa = PBXGroup;
			children = (
				14EC288D1EB7780A0074A2F0 /* AppDelegate.swift */,
				14EC288F1EB7780A0074A2F0 /* ViewController.swift */,
				14688B521FE5F85100C7801A /* CanvasView.swift */,
				14EC28911EB7780A0074A2F0 /* Main.storyboard */,
				14EC28941EB7780A0074A2F0 /* Assets.xcassets */,
				14EC28961EB7780A0074A2F0 /* LaunchScreen.storyboard */,
				14EC28991EB7780A0074A2F0 /* Info.plist */,
			);
			path = "Cocoapods-iOS";
			sourceTree = "<group>";
		};
		640C9FC350472BB20C86ADEE /* Frameworks */ = {
			isa = PBXGroup;
			children = (
				2BE8A3094701C26F1EDCD7F8 /* Pods_Cocoapods_iOS.framework */,
			);
			name = Frameworks;
			sourceTree = "<group>";
		};
		B188728292695D2CC6271A84 /* Pods */ = {
			isa = PBXGroup;
			children = (
				A9FA4C8760DADA25CF76E5A7 /* Pods-Cocoapods-iOS.debug.xcconfig */,
				EA9661A8A41BA755C09D981C /* Pods-Cocoapods-iOS.release.xcconfig */,
			);
			name = Pods;
			sourceTree = "<group>";
		};
/* End PBXGroup section */

/* Begin PBXNativeTarget section */
		14EC28891EB7780A0074A2F0 /* Cocoapods-iOS */ = {
			isa = PBXNativeTarget;
			buildConfigurationList = 14EC289C1EB7780A0074A2F0 /* Build configuration list for PBXNativeTarget "Cocoapods-iOS" */;
			buildPhases = (
				01FC0DC460139CEFE0C346BA /* [CP] Check Pods Manifest.lock */,
				14EC28861EB7780A0074A2F0 /* Sources */,
				14EC28871EB7780A0074A2F0 /* Frameworks */,
				14EC28881EB7780A0074A2F0 /* Resources */,
				3D35D11C4446E59914B78E2E /* [CP] Embed Pods Frameworks */,
			);
			buildRules = (
			);
			dependencies = (
			);
			name = "Cocoapods-iOS";
			productName = "Cocoapods-iOS";
			productReference = 14EC288A1EB7780A0074A2F0 /* Cocoapods-iOS.app */;
			productType = "com.apple.product-type.application";
		};
/* End PBXNativeTarget section */

/* Begin PBXProject section */
		14EC28821EB7780A0074A2F0 /* Project object */ = {
			isa = PBXProject;
			attributes = {
				LastSwiftUpdateCheck = 0830;
				LastUpgradeCheck = 1020;
				ORGANIZATIONNAME = temoki;
				TargetAttributes = {
					14EC28891EB7780A0074A2F0 = {
						CreatedOnToolsVersion = 8.3.2;
						LastSwiftMigration = 1020;
						ProvisioningStyle = Manual;
					};
				};
			};
			buildConfigurationList = 14EC28851EB7780A0074A2F0 /* Build configuration list for PBXProject "Cocoapods-iOS" */;
			compatibilityVersion = "Xcode 3.2";
			developmentRegion = en;
			hasScannedForEncodings = 0;
			knownRegions = (
				en,
				Base,
			);
			mainGroup = 14EC28811EB7780A0074A2F0;
			productRefGroup = 14EC288B1EB7780A0074A2F0 /* Products */;
			projectDirPath = "";
			projectRoot = "";
			targets = (
				14EC28891EB7780A0074A2F0 /* Cocoapods-iOS */,
			);
		};
/* End PBXProject section */

/* Begin PBXResourcesBuildPhase section */
		14EC28881EB7780A0074A2F0 /* Resources */ = {
			isa = PBXResourcesBuildPhase;
			buildActionMask = 2147483647;
			files = (
				14EC28981EB7780A0074A2F0 /* LaunchScreen.storyboard in Resources */,
				14EC28951EB7780A0074A2F0 /* Assets.xcassets in Resources */,
				14EC28931EB7780A0074A2F0 /* Main.storyboard in Resources */,
			);
			runOnlyForDeploymentPostprocessing = 0;
		};
/* End PBXResourcesBuildPhase section */

/* Begin PBXShellScriptBuildPhase section */
		01FC0DC460139CEFE0C346BA /* [CP] Check Pods Manifest.lock */ = {
			isa = PBXShellScriptBuildPhase;
			buildActionMask = 2147483647;
			files = (
			);
			inputPaths = (
				"${PODS_PODFILE_DIR_PATH}/Podfile.lock",
				"${PODS_ROOT}/Manifest.lock",
			);
			name = "[CP] Check Pods Manifest.lock";
			outputPaths = (
				"$(DERIVED_FILE_DIR)/Pods-Cocoapods-iOS-checkManifestLockResult.txt",
			);
			runOnlyForDeploymentPostprocessing = 0;
			shellPath = /bin/sh;
			shellScript = "diff \"${PODS_PODFILE_DIR_PATH}/Podfile.lock\" \"${PODS_ROOT}/Manifest.lock\" > /dev/null\nif [ $? != 0 ] ; then\n    # print error to STDERR\n    echo \"error: The sandbox is not in sync with the Podfile.lock. Run 'pod install' or update your CocoaPods installation.\" >&2\n    exit 1\nfi\n# This output is used by Xcode 'outputs' to avoid re-running this script phase.\necho \"SUCCESS\" > \"${SCRIPT_OUTPUT_FILE_0}\"\n";
			showEnvVarsInLog = 0;
		};
		3D35D11C4446E59914B78E2E /* [CP] Embed Pods Frameworks */ = {
			isa = PBXShellScriptBuildPhase;
			buildActionMask = 2147483647;
			files = (
			);
			inputPaths = (
				"${PODS_ROOT}/Target Support Files/Pods-Cocoapods-iOS/Pods-Cocoapods-iOS-frameworks.sh",
				"${BUILT_PRODUCTS_DIR}/TortoiseGraphics/TortoiseGraphics.framework",
			);
			name = "[CP] Embed Pods Frameworks";
			outputPaths = (
				"${TARGET_BUILD_DIR}/${FRAMEWORKS_FOLDER_PATH}/TortoiseGraphics.framework",
			);
			runOnlyForDeploymentPostprocessing = 0;
			shellPath = /bin/sh;
			shellScript = "\"${PODS_ROOT}/Target Support Files/Pods-Cocoapods-iOS/Pods-Cocoapods-iOS-frameworks.sh\"\n";
			showEnvVarsInLog = 0;
		};
/* End PBXShellScriptBuildPhase section */

/* Begin PBXSourcesBuildPhase section */
		14EC28861EB7780A0074A2F0 /* Sources */ = {
			isa = PBXSourcesBuildPhase;
			buildActionMask = 2147483647;
			files = (
				14EC28901EB7780A0074A2F0 /* ViewController.swift in Sources */,
				14EC288E1EB7780A0074A2F0 /* AppDelegate.swift in Sources */,
				14688B531FE5F85100C7801A /* CanvasView.swift in Sources */,
			);
			runOnlyForDeploymentPostprocessing = 0;
		};
/* End PBXSourcesBuildPhase section */

/* Begin PBXVariantGroup section */
		14EC28911EB7780A0074A2F0 /* Main.storyboard */ = {
			isa = PBXVariantGroup;
			children = (
				14EC28921EB7780A0074A2F0 /* Base */,
			);
			name = Main.storyboard;
			sourceTree = "<group>";
		};
		14EC28961EB7780A0074A2F0 /* LaunchScreen.storyboard */ = {
			isa = PBXVariantGroup;
			children = (
				14EC28971EB7780A0074A2F0 /* Base */,
			);
			name = LaunchScreen.storyboard;
			sourceTree = "<group>";
		};
/* End PBXVariantGroup section */

/* Begin XCBuildConfiguration section */
		14EC289A1EB7780A0074A2F0 /* Debug */ = {
			isa = XCBuildConfiguration;
			buildSettings = {
				ALWAYS_SEARCH_USER_PATHS = NO;
				CLANG_ANALYZER_LOCALIZABILITY_NONLOCALIZED = YES;
				CLANG_ANALYZER_NONNULL = YES;
				CLANG_ANALYZER_NUMBER_OBJECT_CONVERSION = YES_AGGRESSIVE;
				CLANG_CXX_LANGUAGE_STANDARD = "gnu++0x";
				CLANG_CXX_LIBRARY = "libc++";
				CLANG_ENABLE_MODULES = YES;
				CLANG_ENABLE_OBJC_ARC = YES;
				CLANG_WARN_BLOCK_CAPTURE_AUTORELEASING = YES;
				CLANG_WARN_BOOL_CONVERSION = YES;
				CLANG_WARN_COMMA = YES;
				CLANG_WARN_CONSTANT_CONVERSION = YES;
				CLANG_WARN_DEPRECATED_OBJC_IMPLEMENTATIONS = YES;
				CLANG_WARN_DIRECT_OBJC_ISA_USAGE = YES_ERROR;
				CLANG_WARN_DOCUMENTATION_COMMENTS = YES;
				CLANG_WARN_EMPTY_BODY = YES;
				CLANG_WARN_ENUM_CONVERSION = YES;
				CLANG_WARN_INFINITE_RECURSION = YES;
				CLANG_WARN_INT_CONVERSION = YES;
				CLANG_WARN_NON_LITERAL_NULL_CONVERSION = YES;
				CLANG_WARN_OBJC_IMPLICIT_RETAIN_SELF = YES;
				CLANG_WARN_OBJC_LITERAL_CONVERSION = YES;
				CLANG_WARN_OBJC_ROOT_CLASS = YES_ERROR;
				CLANG_WARN_RANGE_LOOP_ANALYSIS = YES;
				CLANG_WARN_STRICT_PROTOTYPES = YES;
				CLANG_WARN_SUSPICIOUS_MOVE = YES;
				CLANG_WARN_UNREACHABLE_CODE = YES;
				CLANG_WARN__DUPLICATE_METHOD_MATCH = YES;
				"CODE_SIGN_IDENTITY[sdk=iphoneos*]" = "iPhone Developer";
				COPY_PHASE_STRIP = NO;
				DEBUG_INFORMATION_FORMAT = dwarf;
				ENABLE_STRICT_OBJC_MSGSEND = YES;
				ENABLE_TESTABILITY = YES;
				GCC_C_LANGUAGE_STANDARD = gnu99;
				GCC_DYNAMIC_NO_PIC = NO;
				GCC_NO_COMMON_BLOCKS = YES;
				GCC_OPTIMIZATION_LEVEL = 0;
				GCC_PREPROCESSOR_DEFINITIONS = (
					"DEBUG=1",
					"$(inherited)",
				);
				GCC_WARN_64_TO_32_BIT_CONVERSION = YES;
				GCC_WARN_ABOUT_RETURN_TYPE = YES_ERROR;
				GCC_WARN_UNDECLARED_SELECTOR = YES;
				GCC_WARN_UNINITIALIZED_AUTOS = YES_AGGRESSIVE;
				GCC_WARN_UNUSED_FUNCTION = YES;
				GCC_WARN_UNUSED_VARIABLE = YES;
				IPHONEOS_DEPLOYMENT_TARGET = 13.0;
				MTL_ENABLE_DEBUG_INFO = YES;
				ONLY_ACTIVE_ARCH = YES;
				SDKROOT = iphoneos;
				SWIFT_ACTIVE_COMPILATION_CONDITIONS = DEBUG;
				SWIFT_OPTIMIZATION_LEVEL = "-Onone";
				TARGETED_DEVICE_FAMILY = "1,2";
			};
			name = Debug;
		};
		14EC289B1EB7780A0074A2F0 /* Release */ = {
			isa = XCBuildConfiguration;
			buildSettings = {
				ALWAYS_SEARCH_USER_PATHS = NO;
				CLANG_ANALYZER_LOCALIZABILITY_NONLOCALIZED = YES;
				CLANG_ANALYZER_NONNULL = YES;
				CLANG_ANALYZER_NUMBER_OBJECT_CONVERSION = YES_AGGRESSIVE;
				CLANG_CXX_LANGUAGE_STANDARD = "gnu++0x";
				CLANG_CXX_LIBRARY = "libc++";
				CLANG_ENABLE_MODULES = YES;
				CLANG_ENABLE_OBJC_ARC = YES;
				CLANG_WARN_BLOCK_CAPTURE_AUTORELEASING = YES;
				CLANG_WARN_BOOL_CONVERSION = YES;
				CLANG_WARN_COMMA = YES;
				CLANG_WARN_CONSTANT_CONVERSION = YES;
				CLANG_WARN_DEPRECATED_OBJC_IMPLEMENTATIONS = YES;
				CLANG_WARN_DIRECT_OBJC_ISA_USAGE = YES_ERROR;
				CLANG_WARN_DOCUMENTATION_COMMENTS = YES;
				CLANG_WARN_EMPTY_BODY = YES;
				CLANG_WARN_ENUM_CONVERSION = YES;
				CLANG_WARN_INFINITE_RECURSION = YES;
				CLANG_WARN_INT_CONVERSION = YES;
				CLANG_WARN_NON_LITERAL_NULL_CONVERSION = YES;
				CLANG_WARN_OBJC_IMPLICIT_RETAIN_SELF = YES;
				CLANG_WARN_OBJC_LITERAL_CONVERSION = YES;
				CLANG_WARN_OBJC_ROOT_CLASS = YES_ERROR;
				CLANG_WARN_RANGE_LOOP_ANALYSIS = YES;
				CLANG_WARN_STRICT_PROTOTYPES = YES;
				CLANG_WARN_SUSPICIOUS_MOVE = YES;
				CLANG_WARN_UNREACHABLE_CODE = YES;
				CLANG_WARN__DUPLICATE_METHOD_MATCH = YES;
				"CODE_SIGN_IDENTITY[sdk=iphoneos*]" = "iPhone Developer";
				COPY_PHASE_STRIP = NO;
				DEBUG_INFORMATION_FORMAT = "dwarf-with-dsym";
				ENABLE_NS_ASSERTIONS = NO;
				ENABLE_STRICT_OBJC_MSGSEND = YES;
				GCC_C_LANGUAGE_STANDARD = gnu99;
				GCC_NO_COMMON_BLOCKS = YES;
				GCC_WARN_64_TO_32_BIT_CONVERSION = YES;
				GCC_WARN_ABOUT_RETURN_TYPE = YES_ERROR;
				GCC_WARN_UNDECLARED_SELECTOR = YES;
				GCC_WARN_UNINITIALIZED_AUTOS = YES_AGGRESSIVE;
				GCC_WARN_UNUSED_FUNCTION = YES;
				GCC_WARN_UNUSED_VARIABLE = YES;
				IPHONEOS_DEPLOYMENT_TARGET = 13.0;
				MTL_ENABLE_DEBUG_INFO = NO;
				SDKROOT = iphoneos;
				SWIFT_OPTIMIZATION_LEVEL = "-Owholemodule";
				TARGETED_DEVICE_FAMILY = "1,2";
				VALIDATE_PRODUCT = YES;
			};
			name = Release;
		};
		14EC289D1EB7780A0074A2F0 /* Debug */ = {
			isa = XCBuildConfiguration;
			baseConfigurationReference = A9FA4C8760DADA25CF76E5A7 /* Pods-Cocoapods-iOS.debug.xcconfig */;
			buildSettings = {
				ASSETCATALOG_COMPILER_APPICON_NAME = AppIcon;
				"CODE_SIGN_IDENTITY[sdk=iphoneos*]" = "iPhone Developer";
				DEVELOPMENT_TEAM = "";
				INFOPLIST_FILE = "Cocoapods-iOS/Info.plist";
				IPHONEOS_DEPLOYMENT_TARGET = 13.0;
				LD_RUNPATH_SEARCH_PATHS = "$(inherited) @executable_path/Frameworks";
				PRODUCT_BUNDLE_IDENTIFIER = "com.temoki.Cocoapods-iOS";
				PRODUCT_NAME = "$(TARGET_NAME)";
				PROVISIONING_PROFILE_SPECIFIER = "";
				SWIFT_VERSION = 5.0;
			};
			name = Debug;
		};
		14EC289E1EB7780A0074A2F0 /* Release */ = {
			isa = XCBuildConfiguration;
			baseConfigurationReference = EA9661A8A41BA755C09D981C /* Pods-Cocoapods-iOS.release.xcconfig */;
			buildSettings = {
				ASSETCATALOG_COMPILER_APPICON_NAME = AppIcon;
				"CODE_SIGN_IDENTITY[sdk=iphoneos*]" = "iPhone Developer";
				DEVELOPMENT_TEAM = "";
				INFOPLIST_FILE = "Cocoapods-iOS/Info.plist";
				IPHONEOS_DEPLOYMENT_TARGET = 13.0;
				LD_RUNPATH_SEARCH_PATHS = "$(inherited) @executable_path/Frameworks";
				PRODUCT_BUNDLE_IDENTIFIER = "com.temoki.Cocoapods-iOS";
				PRODUCT_NAME = "$(TARGET_NAME)";
				PROVISIONING_PROFILE_SPECIFIER = "";
				SWIFT_VERSION = 5.0;
			};
			name = Release;
		};
/* End XCBuildConfiguration section */

/* Begin XCConfigurationList section */
		14EC28851EB7780A0074A2F0 /* Build configuration list for PBXProject "Cocoapods-iOS" */ = {
			isa = XCConfigurationList;
			buildConfigurations = (
				14EC289A1EB7780A0074A2F0 /* Debug */,
				14EC289B1EB7780A0074A2F0 /* Release */,
			);
			defaultConfigurationIsVisible = 0;
			defaultConfigurationName = Release;
		};
		14EC289C1EB7780A0074A2F0 /* Build configuration list for PBXNativeTarget "Cocoapods-iOS" */ = {
			isa = XCConfigurationList;
			buildConfigurations = (
				14EC289D1EB7780A0074A2F0 /* Debug */,
				14EC289E1EB7780A0074A2F0 /* Release */,
			);
			defaultConfigurationIsVisible = 0;
			defaultConfigurationName = Release;
		};
/* End XCConfigurationList section */
	};
	rootObject = 14EC28821EB7780A0074A2F0 /* Project object */;
}
