// !$*UTF8*$!
{
	archiveVersion = 1;
	classes = {
	};
	objectVersion = 46;
	objects = {

/* Begin PBXBuildFile section */
		14067E7E22EB2BFD00B96976 /* CATransaction+.swift in Sources */ = {isa = PBXBuildFile; fileRef = 14067E7D22EB2BFD00B96976 /* CATransaction+.swift */; };
		14067E8022EBB86900B96976 /* Speed.swift in Sources */ = {isa = PBXBuildFile; fileRef = 14067E7F22EBB86900B96976 /* Speed.swift */; };
		14067E8422EC13CB00B96976 /* Speed+.swift in Sources */ = {isa = PBXBuildFile; fileRef = 14067E8322EC13CB00B96976 /* Speed+.swift */; };
		14067E8822EC621800B96976 /* Vec2D+.swift in Sources */ = {isa = PBXBuildFile; fileRef = 14067E8722EC621800B96976 /* Vec2D+.swift */; };
		14067E8A22EC738000B96976 /* Color.swift in Sources */ = {isa = PBXBuildFile; fileRef = 14067E8922EC738000B96976 /* Color.swift */; };
		14067E8C22EC86B500B96976 /* Color+.swift in Sources */ = {isa = PBXBuildFile; fileRef = 14067E8B22EC86B500B96976 /* Color+.swift */; };
		14067E8E22EC870000B96976 /* CGColor+.swift in Sources */ = {isa = PBXBuildFile; fileRef = 14067E8D22EC870000B96976 /* CGColor+.swift */; };
		1407A92822E8A0EA006D96F9 /* Pen.swift in Sources */ = {isa = PBXBuildFile; fileRef = 1407A92722E8A0EA006D96F9 /* Pen.swift */; };
		140876C222DE10D000DCFC59 /* Canvas.swift in Sources */ = {isa = PBXBuildFile; fileRef = 140876C122DE10D000DCFC59 /* Canvas.swift */; };
		140876C422DE182800DCFC59 /* XCPlaygroundCanvas.swift in Sources */ = {isa = PBXBuildFile; fileRef = 140876C322DE182800DCFC59 /* XCPlaygroundCanvas.swift */; };
		140876C622DE18AB00DCFC59 /* TortoiseDelegate.swift in Sources */ = {isa = PBXBuildFile; fileRef = 140876C522DE18AB00DCFC59 /* TortoiseDelegate.swift */; };
		1409A78922E5A28800DE0610 /* CGPoint+.swift in Sources */ = {isa = PBXBuildFile; fileRef = 1409A78822E5A28800DE0610 /* CGPoint+.swift */; };
		1409A78B22E5A7E500DE0610 /* Tortoise+Alias.swift in Sources */ = {isa = PBXBuildFile; fileRef = 1409A78A22E5A7E500DE0610 /* Tortoise+Alias.swift */; };
		14123C1F22F1C57300AA78DC /* Shape+.swift in Sources */ = {isa = PBXBuildFile; fileRef = 14123C1E22F1C57300AA78DC /* Shape+.swift */; };
		1417716122DB71A000BC1A34 /* TortoiseState.swift in Sources */ = {isa = PBXBuildFile; fileRef = 1417716022DB71A000BC1A34 /* TortoiseState.swift */; };
		1417716522DB73F900BC1A34 /* ImageCanvas.swift in Sources */ = {isa = PBXBuildFile; fileRef = 1417716422DB73F900BC1A34 /* ImageCanvas.swift */; };
		1417716822DCAC8B00BC1A34 /* Tortoise.swift in Sources */ = {isa = PBXBuildFile; fileRef = 1417716722DCAC8B00BC1A34 /* Tortoise.swift */; };
		141772771EE2930600C0CBC7 /* Angle.swift in Sources */ = {isa = PBXBuildFile; fileRef = 141772761EE2930600C0CBC7 /* Angle.swift */; };
		14588D141EDEFF1100922BE4 /* ColorPalette.swift in Sources */ = {isa = PBXBuildFile; fileRef = 14588D131EDEFF1100922BE4 /* ColorPalette.swift */; };
		14C3A09D201CA62000C7A28C /* Shape.swift in Sources */ = {isa = PBXBuildFile; fileRef = 14C3A09C201CA62000C7A28C /* Shape.swift */; };
		14D753AB1FE17D290038F931 /* Vec2D.swift in Sources */ = {isa = PBXBuildFile; fileRef = 14D753AA1FE17D290038F931 /* Vec2D.swift */; };
		OBJ_109 /* TortoiseGraphics.framework in Frameworks */ = {isa = PBXBuildFile; fileRef = OBJ_53 /* TortoiseGraphics.framework */; };
/* End PBXBuildFile section */

/* Begin PBXContainerItemProxy section */
		14B0E9501EA38438007FBC3D /* PBXContainerItemProxy */ = {
			isa = PBXContainerItemProxy;
			containerPortal = OBJ_1 /* Project object */;
			proxyType = 1;
			remoteGlobalIDString = OBJ_55;
			remoteInfo = TortoiseGraphics;
		};
/* End PBXContainerItemProxy section */

/* Begin PBXFileReference section */
		14067E7D22EB2BFD00B96976 /* CATransaction+.swift */ = {isa = PBXFileReference; lastKnownFileType = sourcecode.swift; path = "CATransaction+.swift"; sourceTree = "<group>"; };
		14067E7F22EBB86900B96976 /* Speed.swift */ = {isa = PBXFileReference; lastKnownFileType = sourcecode.swift; path = Speed.swift; sourceTree = "<group>"; };
		14067E8322EC13CB00B96976 /* Speed+.swift */ = {isa = PBXFileReference; lastKnownFileType = sourcecode.swift; path = "Speed+.swift"; sourceTree = "<group>"; };
		14067E8722EC621800B96976 /* Vec2D+.swift */ = {isa = PBXFileReference; lastKnownFileType = sourcecode.swift; path = "Vec2D+.swift"; sourceTree = "<group>"; };
		14067E8922EC738000B96976 /* Color.swift */ = {isa = PBXFileReference; lastKnownFileType = sourcecode.swift; path = Color.swift; sourceTree = "<group>"; };
		14067E8B22EC86B500B96976 /* Color+.swift */ = {isa = PBXFileReference; lastKnownFileType = sourcecode.swift; path = "Color+.swift"; sourceTree = "<group>"; };
		14067E8D22EC870000B96976 /* CGColor+.swift */ = {isa = PBXFileReference; lastKnownFileType = sourcecode.swift; path = "CGColor+.swift"; sourceTree = "<group>"; };
		1407A92722E8A0EA006D96F9 /* Pen.swift */ = {isa = PBXFileReference; fileEncoding = 4; lastKnownFileType = sourcecode.swift; path = Pen.swift; sourceTree = "<group>"; };
		140876C122DE10D000DCFC59 /* Canvas.swift */ = {isa = PBXFileReference; lastKnownFileType = sourcecode.swift; path = Canvas.swift; sourceTree = "<group>"; };
		140876C322DE182800DCFC59 /* XCPlaygroundCanvas.swift */ = {isa = PBXFileReference; lastKnownFileType = sourcecode.swift; path = XCPlaygroundCanvas.swift; sourceTree = "<group>"; };
		140876C522DE18AB00DCFC59 /* TortoiseDelegate.swift */ = {isa = PBXFileReference; lastKnownFileType = sourcecode.swift; path = TortoiseDelegate.swift; sourceTree = "<group>"; };
		1409A78822E5A28800DE0610 /* CGPoint+.swift */ = {isa = PBXFileReference; lastKnownFileType = sourcecode.swift; path = "CGPoint+.swift"; sourceTree = "<group>"; };
		1409A78A22E5A7E500DE0610 /* Tortoise+Alias.swift */ = {isa = PBXFileReference; lastKnownFileType = sourcecode.swift; path = "Tortoise+Alias.swift"; sourceTree = "<group>"; };
		14123C1E22F1C57300AA78DC /* Shape+.swift */ = {isa = PBXFileReference; lastKnownFileType = sourcecode.swift; path = "Shape+.swift"; sourceTree = "<group>"; };
		1417716022DB71A000BC1A34 /* TortoiseState.swift */ = {isa = PBXFileReference; lastKnownFileType = sourcecode.swift; path = TortoiseState.swift; sourceTree = "<group>"; };
		1417716422DB73F900BC1A34 /* ImageCanvas.swift */ = {isa = PBXFileReference; lastKnownFileType = sourcecode.swift; path = ImageCanvas.swift; sourceTree = "<group>"; };
		1417716722DCAC8B00BC1A34 /* Tortoise.swift */ = {isa = PBXFileReference; lastKnownFileType = sourcecode.swift; path = Tortoise.swift; sourceTree = "<group>"; };
		141772761EE2930600C0CBC7 /* Angle.swift */ = {isa = PBXFileReference; fileEncoding = 4; lastKnownFileType = sourcecode.swift; path = Angle.swift; sourceTree = "<group>"; };
		14588D131EDEFF1100922BE4 /* ColorPalette.swift */ = {isa = PBXFileReference; fileEncoding = 4; lastKnownFileType = sourcecode.swift; path = ColorPalette.swift; sourceTree = "<group>"; };
		14C3A09C201CA62000C7A28C /* Shape.swift */ = {isa = PBXFileReference; lastKnownFileType = sourcecode.swift; path = Shape.swift; sourceTree = "<group>"; };
		14D753AA1FE17D290038F931 /* Vec2D.swift */ = {isa = PBXFileReference; lastKnownFileType = sourcecode.swift; path = Vec2D.swift; sourceTree = "<group>"; };
		OBJ_53 /* TortoiseGraphics.framework */ = {isa = PBXFileReference; explicitFileType = wrapper.framework; path = TortoiseGraphics.framework; sourceTree = BUILT_PRODUCTS_DIR; };
		OBJ_54 /* TortoiseGraphicsTests.xctest */ = {isa = PBXFileReference; explicitFileType = wrapper.cfbundle; path = TortoiseGraphicsTests.xctest; sourceTree = BUILT_PRODUCTS_DIR; };
		OBJ_6 /* Package.swift */ = {isa = PBXFileReference; explicitFileType = sourcecode.swift; path = Package.swift; sourceTree = "<group>"; };
/* End PBXFileReference section */

/* Begin PBXFrameworksBuildPhase section */
		OBJ_101 /* Frameworks */ = {
			isa = PBXFrameworksBuildPhase;
			buildActionMask = 0;
			files = (
			);
			runOnlyForDeploymentPostprocessing = 0;
		};
		OBJ_108 /* Frameworks */ = {
			isa = PBXFrameworksBuildPhase;
			buildActionMask = 0;
			files = (
				OBJ_109 /* TortoiseGraphics.framework in Frameworks */,
			);
			runOnlyForDeploymentPostprocessing = 0;
		};
/* End PBXFrameworksBuildPhase section */

/* Begin PBXGroup section */
		1417716622DCAC2000BC1A34 /* Internal */ = {
			isa = PBXGroup;
			children = (
				1417716022DB71A000BC1A34 /* TortoiseState.swift */,
				140876C522DE18AB00DCFC59 /* TortoiseDelegate.swift */,
				1407A92722E8A0EA006D96F9 /* Pen.swift */,
				141772761EE2930600C0CBC7 /* Angle.swift */,
				14067E8B22EC86B500B96976 /* Color+.swift */,
				14067E8322EC13CB00B96976 /* Speed+.swift */,
				14067E8722EC621800B96976 /* Vec2D+.swift */,
				1409A78822E5A28800DE0610 /* CGPoint+.swift */,
				14067E7D22EB2BFD00B96976 /* CATransaction+.swift */,
				14067E8D22EC870000B96976 /* CGColor+.swift */,
				14123C1E22F1C57300AA78DC /* Shape+.swift */,
			);
			name = Internal;
			sourceTree = "<group>";
		};
		OBJ_5 = {
			isa = PBXGroup;
			children = (
				OBJ_6 /* Package.swift */,
				OBJ_7 /* Sources */,
				OBJ_52 /* Products */,
			);
			sourceTree = "<group>";
		};
		OBJ_52 /* Products */ = {
			isa = PBXGroup;
			children = (
				OBJ_53 /* TortoiseGraphics.framework */,
				OBJ_54 /* TortoiseGraphicsTests.xctest */,
			);
			name = Products;
			sourceTree = BUILT_PRODUCTS_DIR;
		};
		OBJ_7 /* Sources */ = {
			isa = PBXGroup;
			children = (
				14588D131EDEFF1100922BE4 /* ColorPalette.swift */,
				14067E8922EC738000B96976 /* Color.swift */,
				14067E7F22EBB86900B96976 /* Speed.swift */,
				14D753AA1FE17D290038F931 /* Vec2D.swift */,
				14C3A09C201CA62000C7A28C /* Shape.swift */,
				1417716722DCAC8B00BC1A34 /* Tortoise.swift */,
				1409A78A22E5A7E500DE0610 /* Tortoise+Alias.swift */,
				140876C122DE10D000DCFC59 /* Canvas.swift */,
				1417716422DB73F900BC1A34 /* ImageCanvas.swift */,
				140876C322DE182800DCFC59 /* XCPlaygroundCanvas.swift */,
				1417716622DCAC2000BC1A34 /* Internal */,
			);
			path = Sources;
			sourceTree = SOURCE_ROOT;
		};
/* End PBXGroup section */

/* Begin PBXNativeTarget section */
		OBJ_102 /* TortoiseGraphicsTests */ = {
			isa = PBXNativeTarget;
			buildConfigurationList = OBJ_103 /* Build configuration list for PBXNativeTarget "TortoiseGraphicsTests" */;
			buildPhases = (
				OBJ_106 /* Sources */,
				OBJ_108 /* Frameworks */,
			);
			buildRules = (
			);
			dependencies = (
				OBJ_110 /* PBXTargetDependency */,
			);
			name = TortoiseGraphicsTests;
			productName = TortoiseGraphicsTests;
			productReference = OBJ_54 /* TortoiseGraphicsTests.xctest */;
			productType = "com.apple.product-type.bundle.unit-test";
		};
		OBJ_55 /* TortoiseGraphics */ = {
			isa = PBXNativeTarget;
			buildConfigurationList = OBJ_56 /* Build configuration list for PBXNativeTarget "TortoiseGraphics" */;
			buildPhases = (
				144B453B1FDF793F00F711EB /* Run SwiftLint */,
				OBJ_59 /* Sources */,
				OBJ_101 /* Frameworks */,
			);
			buildRules = (
			);
			dependencies = (
			);
			name = TortoiseGraphics;
			productName = TortoiseGraphics;
			productReference = OBJ_53 /* TortoiseGraphics.framework */;
			productType = "com.apple.product-type.framework";
		};
/* End PBXNativeTarget section */

/* Begin PBXProject section */
		OBJ_1 /* Project object */ = {
			isa = PBXProject;
			attributes = {
				LastUpgradeCheck = 9999;
				TargetAttributes = {
					OBJ_102 = {
						LastSwiftMigration = 0920;
					};
					OBJ_55 = {
						LastSwiftMigration = "";
					};
				};
			};
			buildConfigurationList = OBJ_2 /* Build configuration list for PBXProject "TortoiseGraphics" */;
			compatibilityVersion = "Xcode 3.2";
			developmentRegion = English;
			hasScannedForEncodings = 0;
			knownRegions = (
				English,
				en,
			);
			mainGroup = OBJ_5;
			productRefGroup = OBJ_52 /* Products */;
			projectDirPath = "";
			projectRoot = "";
			targets = (
				OBJ_55 /* TortoiseGraphics */,
				OBJ_102 /* TortoiseGraphicsTests */,
			);
		};
/* End PBXProject section */

/* Begin PBXShellScriptBuildPhase section */
		144B453B1FDF793F00F711EB /* Run SwiftLint */ = {
			isa = PBXShellScriptBuildPhase;
			buildActionMask = 2147483647;
			files = (
			);
			inputPaths = (
			);
			name = "Run SwiftLint";
			outputPaths = (
			);
			runOnlyForDeploymentPostprocessing = 0;
			shellPath = /bin/sh;
			shellScript = "SWIFTLINT_DIR=${PROJECT_DIR}/Tools/portable_swiftlint\nSWIFTLINT=${SWIFTLINT_DIR}/swiftlint\necho \"warning: Run SwiftLint $($SWIFTLINT version) in ${SWIFTLINT_DIR}\"\n$SWIFTLINT autocorrect\n$SWIFTLINT lint\n";
		};
/* End PBXShellScriptBuildPhase section */

/* Begin PBXSourcesBuildPhase section */
		OBJ_106 /* Sources */ = {
			isa = PBXSourcesBuildPhase;
			buildActionMask = 0;
			files = (
			);
			runOnlyForDeploymentPostprocessing = 0;
		};
		OBJ_59 /* Sources */ = {
			isa = PBXSourcesBuildPhase;
			buildActionMask = 0;
			files = (
				14067E8E22EC870000B96976 /* CGColor+.swift in Sources */,
				14067E8422EC13CB00B96976 /* Speed+.swift in Sources */,
				14067E7E22EB2BFD00B96976 /* CATransaction+.swift in Sources */,
				140876C622DE18AB00DCFC59 /* TortoiseDelegate.swift in Sources */,
				140876C422DE182800DCFC59 /* XCPlaygroundCanvas.swift in Sources */,
				14067E8822EC621800B96976 /* Vec2D+.swift in Sources */,
				14D753AB1FE17D290038F931 /* Vec2D.swift in Sources */,
				1409A78B22E5A7E500DE0610 /* Tortoise+Alias.swift in Sources */,
				1407A92822E8A0EA006D96F9 /* Pen.swift in Sources */,
				14067E8022EBB86900B96976 /* Speed.swift in Sources */,
				1417716522DB73F900BC1A34 /* ImageCanvas.swift in Sources */,
				14123C1F22F1C57300AA78DC /* Shape+.swift in Sources */,
				14067E8C22EC86B500B96976 /* Color+.swift in Sources */,
				140876C222DE10D000DCFC59 /* Canvas.swift in Sources */,
				14588D141EDEFF1100922BE4 /* ColorPalette.swift in Sources */,
				14067E8A22EC738000B96976 /* Color.swift in Sources */,
				141772771EE2930600C0CBC7 /* Angle.swift in Sources */,
				1409A78922E5A28800DE0610 /* CGPoint+.swift in Sources */,
				14C3A09D201CA62000C7A28C /* Shape.swift in Sources */,
				1417716122DB71A000BC1A34 /* TortoiseState.swift in Sources */,
				1417716822DCAC8B00BC1A34 /* Tortoise.swift in Sources */,
			);
			runOnlyForDeploymentPostprocessing = 0;
		};
/* End PBXSourcesBuildPhase section */

/* Begin PBXTargetDependency section */
		OBJ_110 /* PBXTargetDependency */ = {
			isa = PBXTargetDependency;
			target = OBJ_55 /* TortoiseGraphics */;
			targetProxy = 14B0E9501EA38438007FBC3D /* PBXContainerItemProxy */;
		};
/* End PBXTargetDependency section */

/* Begin XCBuildConfiguration section */
		OBJ_104 /* Debug */ = {
			isa = XCBuildConfiguration;
			buildSettings = {
				ALWAYS_EMBED_SWIFT_STANDARD_LIBRARIES = YES;
				EMBEDDED_CONTENT_CONTAINS_SWIFT = YES;
				FRAMEWORK_SEARCH_PATHS = (
					"$(inherited)",
					"$(PLATFORM_DIR)/Developer/Library/Frameworks",
				);
				HEADER_SEARCH_PATHS = "$(inherited)";
				INFOPLIST_FILE = TortoiseGraphics.xcodeproj/TortoiseGraphicsTests_Info.plist;
				LD_RUNPATH_SEARCH_PATHS = "@loader_path/../Frameworks @loader_path/Frameworks";
				OTHER_LDFLAGS = "$(inherited)";
				OTHER_SWIFT_FLAGS = "$(inherited)";
				SWIFT_SWIFT3_OBJC_INFERENCE = On;
				SWIFT_VERSION = 5.0;
				TARGET_NAME = TortoiseGraphicsTests;
			};
			name = Debug;
		};
		OBJ_105 /* Release */ = {
			isa = XCBuildConfiguration;
			buildSettings = {
				ALWAYS_EMBED_SWIFT_STANDARD_LIBRARIES = YES;
				EMBEDDED_CONTENT_CONTAINS_SWIFT = YES;
				FRAMEWORK_SEARCH_PATHS = (
					"$(inherited)",
					"$(PLATFORM_DIR)/Developer/Library/Frameworks",
				);
				HEADER_SEARCH_PATHS = "$(inherited)";
				INFOPLIST_FILE = TortoiseGraphics.xcodeproj/TortoiseGraphicsTests_Info.plist;
				LD_RUNPATH_SEARCH_PATHS = "@loader_path/../Frameworks @loader_path/Frameworks";
				OTHER_LDFLAGS = "$(inherited)";
				OTHER_SWIFT_FLAGS = "$(inherited)";
				SWIFT_SWIFT3_OBJC_INFERENCE = On;
				SWIFT_VERSION = 5.0;
				TARGET_NAME = TortoiseGraphicsTests;
			};
			name = Release;
		};
		OBJ_3 /* Debug */ = {
			isa = XCBuildConfiguration;
			buildSettings = {
				CLANG_ENABLE_OBJC_ARC = YES;
				COMBINE_HIDPI_IMAGES = YES;
				COPY_PHASE_STRIP = NO;
				DEBUG_INFORMATION_FORMAT = dwarf;
				DYLIB_INSTALL_NAME_BASE = "@rpath";
				ENABLE_NS_ASSERTIONS = YES;
				GCC_OPTIMIZATION_LEVEL = 0;
				MACOSX_DEPLOYMENT_TARGET = 10.10;
				ONLY_ACTIVE_ARCH = YES;
				OTHER_SWIFT_FLAGS = "-DXcode";
				PRODUCT_NAME = "$(TARGET_NAME)";
				SDKROOT = macosx;
				SUPPORTED_PLATFORMS = "macosx iphoneos iphonesimulator appletvos appletvsimulator watchos watchsimulator";
				SWIFT_ACTIVE_COMPILATION_CONDITIONS = SWIFT_PACKAGE;
				SWIFT_OPTIMIZATION_LEVEL = "-Onone";
				SWIFT_VERSION = 5.0;
				USE_HEADERMAP = NO;
			};
			name = Debug;
		};
		OBJ_4 /* Release */ = {
			isa = XCBuildConfiguration;
			buildSettings = {
				CLANG_ENABLE_OBJC_ARC = YES;
				COMBINE_HIDPI_IMAGES = YES;
				COPY_PHASE_STRIP = YES;
				DEBUG_INFORMATION_FORMAT = "dwarf-with-dsym";
				DYLIB_INSTALL_NAME_BASE = "@rpath";
				GCC_OPTIMIZATION_LEVEL = s;
				MACOSX_DEPLOYMENT_TARGET = 10.10;
				OTHER_SWIFT_FLAGS = "-DXcode";
				PRODUCT_NAME = "$(TARGET_NAME)";
				SDKROOT = macosx;
				SUPPORTED_PLATFORMS = "macosx iphoneos iphonesimulator appletvos appletvsimulator watchos watchsimulator";
				SWIFT_ACTIVE_COMPILATION_CONDITIONS = SWIFT_PACKAGE;
				SWIFT_OPTIMIZATION_LEVEL = "-Owholemodule";
				SWIFT_VERSION = 5.0;
				USE_HEADERMAP = NO;
			};
			name = Release;
		};
		OBJ_57 /* Debug */ = {
			isa = XCBuildConfiguration;
			buildSettings = {
				CLANG_ENABLE_MODULES = YES;
				DEFINES_MODULE = YES;
				ENABLE_TESTABILITY = YES;
				FRAMEWORK_SEARCH_PATHS = (
					"$(inherited)",
					"$(PLATFORM_DIR)/Developer/Library/Frameworks",
				);
				HEADER_SEARCH_PATHS = "$(inherited)";
				INFOPLIST_FILE = TortoiseGraphics.xcodeproj/TortoiseGraphics_Info.plist;
				IPHONEOS_DEPLOYMENT_TARGET = 11.0;
				LD_RUNPATH_SEARCH_PATHS = "$(TOOLCHAIN_DIR)/usr/lib/swift/macosx";
				OTHER_LDFLAGS = "$(inherited)";
				OTHER_SWIFT_FLAGS = "$(inherited)";
				PRODUCT_BUNDLE_IDENTIFIER = TortoiseGraphics;
				PRODUCT_MODULE_NAME = "$(TARGET_NAME:c99extidentifier)";
				PRODUCT_NAME = "$(TARGET_NAME:c99extidentifier)";
				SDKROOT = "";
				SKIP_INSTALL = YES;
				SUPPORTED_PLATFORMS = "macosx iphoneos iphonesimulator";
				SWIFT_OPTIMIZATION_LEVEL = "-Onone";
				SWIFT_SWIFT3_OBJC_INFERENCE = Default;
				SWIFT_VERSION = 5.0;
				TARGET_NAME = TortoiseGraphics;
			};
			name = Debug;
		};
		OBJ_58 /* Release */ = {
			isa = XCBuildConfiguration;
			buildSettings = {
				CLANG_ENABLE_MODULES = YES;
				DEFINES_MODULE = YES;
				ENABLE_TESTABILITY = YES;
				FRAMEWORK_SEARCH_PATHS = (
					"$(inherited)",
					"$(PLATFORM_DIR)/Developer/Library/Frameworks",
				);
				HEADER_SEARCH_PATHS = "$(inherited)";
				INFOPLIST_FILE = TortoiseGraphics.xcodeproj/TortoiseGraphics_Info.plist;
				IPHONEOS_DEPLOYMENT_TARGET = 11.0;
				LD_RUNPATH_SEARCH_PATHS = "$(TOOLCHAIN_DIR)/usr/lib/swift/macosx";
				OTHER_LDFLAGS = "$(inherited)";
				OTHER_SWIFT_FLAGS = "$(inherited)";
				PRODUCT_BUNDLE_IDENTIFIER = TortoiseGraphics;
				PRODUCT_MODULE_NAME = "$(TARGET_NAME:c99extidentifier)";
				PRODUCT_NAME = "$(TARGET_NAME:c99extidentifier)";
				SDKROOT = "";
				SKIP_INSTALL = YES;
				SUPPORTED_PLATFORMS = "macosx iphoneos iphonesimulator";
				SWIFT_SWIFT3_OBJC_INFERENCE = Default;
				SWIFT_VERSION = 5.0;
				TARGET_NAME = TortoiseGraphics;
			};
			name = Release;
		};
/* End XCBuildConfiguration section */

/* Begin XCConfigurationList section */
		OBJ_103 /* Build configuration list for PBXNativeTarget "TortoiseGraphicsTests" */ = {
			isa = XCConfigurationList;
			buildConfigurations = (
				OBJ_104 /* Debug */,
				OBJ_105 /* Release */,
			);
			defaultConfigurationIsVisible = 0;
			defaultConfigurationName = Debug;
		};
		OBJ_2 /* Build configuration list for PBXProject "TortoiseGraphics" */ = {
			isa = XCConfigurationList;
			buildConfigurations = (
				OBJ_3 /* Debug */,
				OBJ_4 /* Release */,
			);
			defaultConfigurationIsVisible = 0;
			defaultConfigurationName = Debug;
		};
		OBJ_56 /* Build configuration list for PBXNativeTarget "TortoiseGraphics" */ = {
			isa = XCConfigurationList;
			buildConfigurations = (
				OBJ_57 /* Debug */,
				OBJ_58 /* Release */,
			);
			defaultConfigurationIsVisible = 0;
			defaultConfigurationName = Debug;
		};
/* End XCConfigurationList section */
	};
	rootObject = OBJ_1 /* Project object */;
}
