// !$*UTF8*$!
{
	archiveVersion = 1;
	classes = {
	};
	objectVersion = 46;
	objects = {

/* Begin PBXBuildFile section */
		14A170AA1EB81FD6009DF3D9 /* CGContext+.swift in Sources */ = {isa = PBXBuildFile; fileRef = 14A170A91EB81FD6009DF3D9 /* CGContext+.swift */; };
		14E7866E1EAA6AEA0074FC37 /* +Canvas.swift in Sources */ = {isa = PBXBuildFile; fileRef = 14E786441EAA6AEA0074FC37 /* +Canvas.swift */; };
		14E7866F1EAA6AEA0074FC37 /* +CanvasView.swift in Sources */ = {isa = PBXBuildFile; fileRef = 14E786451EAA6AEA0074FC37 /* +CanvasView.swift */; };
		14E786701EAA6AEA0074FC37 /* +Procedure.swift in Sources */ = {isa = PBXBuildFile; fileRef = 14E786461EAA6AEA0074FC37 /* +Procedure.swift */; };
		14E786711EAA6AEA0074FC37 /* +Procedure+ControlCommands.swift in Sources */ = {isa = PBXBuildFile; fileRef = 14E786471EAA6AEA0074FC37 /* +Procedure+ControlCommands.swift */; };
		14E786721EAA6AEA0074FC37 /* +Procedure+DrawCommands.swift in Sources */ = {isa = PBXBuildFile; fileRef = 14E786481EAA6AEA0074FC37 /* +Procedure+DrawCommands.swift */; };
		14E786731EAA6AEA0074FC37 /* +Procedure+MoveCommands.swift in Sources */ = {isa = PBXBuildFile; fileRef = 14E786491EAA6AEA0074FC37 /* +Procedure+MoveCommands.swift */; };
		14E786741EAA6AEA0074FC37 /* +Procedure+PenCommands.swift in Sources */ = {isa = PBXBuildFile; fileRef = 14E7864A1EAA6AEA0074FC37 /* +Procedure+PenCommands.swift */; };
		14E786751EAA6AEA0074FC37 /* +Properties.swift in Sources */ = {isa = PBXBuildFile; fileRef = 14E7864B1EAA6AEA0074FC37 /* +Properties.swift */; };
		14E786761EAA6AEA0074FC37 /* +Type.swift in Sources */ = {isa = PBXBuildFile; fileRef = 14E7864C1EAA6AEA0074FC37 /* +Type.swift */; };
		14E786771EAA6AEA0074FC37 /* Color.swift in Sources */ = {isa = PBXBuildFile; fileRef = 14E7864D1EAA6AEA0074FC37 /* Color.swift */; };
		14E786781EAA6AEA0074FC37 /* ColorPallete.swift in Sources */ = {isa = PBXBuildFile; fileRef = 14E7864E1EAA6AEA0074FC37 /* ColorPallete.swift */; };
		14E786791EAA6AEA0074FC37 /* Command.swift in Sources */ = {isa = PBXBuildFile; fileRef = 14E7864F1EAA6AEA0074FC37 /* Command.swift */; };
		14E7867A1EAA6AEA0074FC37 /* CommandArc.swift in Sources */ = {isa = PBXBuildFile; fileRef = 14E786501EAA6AEA0074FC37 /* CommandArc.swift */; };
		14E7867B1EAA6AEA0074FC37 /* CommandBack.swift in Sources */ = {isa = PBXBuildFile; fileRef = 14E786511EAA6AEA0074FC37 /* CommandBack.swift */; };
		14E7867C1EAA6AEA0074FC37 /* CommandCall.swift in Sources */ = {isa = PBXBuildFile; fileRef = 14E786521EAA6AEA0074FC37 /* CommandCall.swift */; };
		14E7867D1EAA6AEA0074FC37 /* CommandClean.swift in Sources */ = {isa = PBXBuildFile; fileRef = 14E786531EAA6AEA0074FC37 /* CommandClean.swift */; };
		14E7867E1EAA6AEA0074FC37 /* CommandClearScreen.swift in Sources */ = {isa = PBXBuildFile; fileRef = 14E786541EAA6AEA0074FC37 /* CommandClearScreen.swift */; };
		14E7867F1EAA6AEA0074FC37 /* CommandDefine.swift in Sources */ = {isa = PBXBuildFile; fileRef = 14E786551EAA6AEA0074FC37 /* CommandDefine.swift */; };
		14E786801EAA6AEA0074FC37 /* CommandDot.swift in Sources */ = {isa = PBXBuildFile; fileRef = 14E786561EAA6AEA0074FC37 /* CommandDot.swift */; };
		14E786811EAA6AEA0074FC37 /* CommandForward.swift in Sources */ = {isa = PBXBuildFile; fileRef = 14E786571EAA6AEA0074FC37 /* CommandForward.swift */; };
		14E786821EAA6AEA0074FC37 /* CommandHome.swift in Sources */ = {isa = PBXBuildFile; fileRef = 14E786581EAA6AEA0074FC37 /* CommandHome.swift */; };
		14E786831EAA6AEA0074FC37 /* CommandIf.swift in Sources */ = {isa = PBXBuildFile; fileRef = 14E786591EAA6AEA0074FC37 /* CommandIf.swift */; };
		14E786841EAA6AEA0074FC37 /* CommandLeft.swift in Sources */ = {isa = PBXBuildFile; fileRef = 14E7865A1EAA6AEA0074FC37 /* CommandLeft.swift */; };
		14E786851EAA6AEA0074FC37 /* CommandLocal.swift in Sources */ = {isa = PBXBuildFile; fileRef = 14E7865B1EAA6AEA0074FC37 /* CommandLocal.swift */; };
		14E786861EAA6AEA0074FC37 /* CommandMake.swift in Sources */ = {isa = PBXBuildFile; fileRef = 14E7865C1EAA6AEA0074FC37 /* CommandMake.swift */; };
		14E786871EAA6AEA0074FC37 /* CommandPenDown.swift in Sources */ = {isa = PBXBuildFile; fileRef = 14E7865D1EAA6AEA0074FC37 /* CommandPenDown.swift */; };
		14E786881EAA6AEA0074FC37 /* CommandPrint.swift in Sources */ = {isa = PBXBuildFile; fileRef = 14E7865E1EAA6AEA0074FC37 /* CommandPrint.swift */; };
		14E786891EAA6AEA0074FC37 /* CommandRepeat.swift in Sources */ = {isa = PBXBuildFile; fileRef = 14E7865F1EAA6AEA0074FC37 /* CommandRepeat.swift */; };
		14E7868A1EAA6AEA0074FC37 /* CommandRight.swift in Sources */ = {isa = PBXBuildFile; fileRef = 14E786601EAA6AEA0074FC37 /* CommandRight.swift */; };
		14E7868B1EAA6AEA0074FC37 /* CommandSetBackground.swift in Sources */ = {isa = PBXBuildFile; fileRef = 14E786611EAA6AEA0074FC37 /* CommandSetBackground.swift */; };
		14E7868C1EAA6AEA0074FC37 /* CommandSetHeading.swift in Sources */ = {isa = PBXBuildFile; fileRef = 14E786621EAA6AEA0074FC37 /* CommandSetHeading.swift */; };
		14E7868D1EAA6AEA0074FC37 /* CommandSetLineCap.swift in Sources */ = {isa = PBXBuildFile; fileRef = 14E786631EAA6AEA0074FC37 /* CommandSetLineCap.swift */; };
		14E7868E1EAA6AEA0074FC37 /* CommandSetLineDash.swift in Sources */ = {isa = PBXBuildFile; fileRef = 14E786641EAA6AEA0074FC37 /* CommandSetLineDash.swift */; };
		14E7868F1EAA6AEA0074FC37 /* CommandSetPenColor.swift in Sources */ = {isa = PBXBuildFile; fileRef = 14E786651EAA6AEA0074FC37 /* CommandSetPenColor.swift */; };
		14E786901EAA6AEA0074FC37 /* CommandSetPenWidth.swift in Sources */ = {isa = PBXBuildFile; fileRef = 14E786661EAA6AEA0074FC37 /* CommandSetPenWidth.swift */; };
		14E786911EAA6AEA0074FC37 /* CommandSetPosition.swift in Sources */ = {isa = PBXBuildFile; fileRef = 14E786671EAA6AEA0074FC37 /* CommandSetPosition.swift */; };
		14E786921EAA6AEA0074FC37 /* CommandSetRGB.swift in Sources */ = {isa = PBXBuildFile; fileRef = 14E786681EAA6AEA0074FC37 /* CommandSetRGB.swift */; };
		14E786931EAA6AEA0074FC37 /* CommandSetX.swift in Sources */ = {isa = PBXBuildFile; fileRef = 14E786691EAA6AEA0074FC37 /* CommandSetX.swift */; };
		14E786941EAA6AEA0074FC37 /* CommandSetY.swift in Sources */ = {isa = PBXBuildFile; fileRef = 14E7866A1EAA6AEA0074FC37 /* CommandSetY.swift */; };
		14E786951EAA6AEA0074FC37 /* CommandShowTurtle.swift in Sources */ = {isa = PBXBuildFile; fileRef = 14E7866B1EAA6AEA0074FC37 /* CommandShowTurtle.swift */; };
		14E786961EAA6AEA0074FC37 /* CommandWhile.swift in Sources */ = {isa = PBXBuildFile; fileRef = 14E7866C1EAA6AEA0074FC37 /* CommandWhile.swift */; };
		14E786971EAA6AEA0074FC37 /* Context.swift in Sources */ = {isa = PBXBuildFile; fileRef = 14E7866D1EAA6AEA0074FC37 /* Context.swift */; };
		OBJ_107 /* TortoiseGraphicsTests.swift in Sources */ = {isa = PBXBuildFile; fileRef = OBJ_51 /* TortoiseGraphicsTests.swift */; };
		OBJ_109 /* TortoiseGraphics.framework in Frameworks */ = {isa = PBXBuildFile; fileRef = OBJ_53 /* TortoiseGraphics.framework */; };
/* End PBXBuildFile section */

/* Begin PBXContainerItemProxy section */
		14B0E9501EA38438007FBC3D /* PBXContainerItemProxy */ = {
			isa = PBXContainerItemProxy;
			containerPortal = OBJ_1 /* Project object */;
			proxyType = 1;
			remoteGlobalIDString = OBJ_55;
			remoteInfo = TortoiseGraphics;
		};
/* End PBXContainerItemProxy section */

/* Begin PBXFileReference section */
		14A170A91EB81FD6009DF3D9 /* CGContext+.swift */ = {isa = PBXFileReference; fileEncoding = 4; lastKnownFileType = sourcecode.swift; path = "CGContext+.swift"; sourceTree = "<group>"; };
		14E786441EAA6AEA0074FC37 /* +Canvas.swift */ = {isa = PBXFileReference; fileEncoding = 4; lastKnownFileType = sourcecode.swift; path = "+Canvas.swift"; sourceTree = "<group>"; };
		14E786451EAA6AEA0074FC37 /* +CanvasView.swift */ = {isa = PBXFileReference; fileEncoding = 4; lastKnownFileType = sourcecode.swift; path = "+CanvasView.swift"; sourceTree = "<group>"; };
		14E786461EAA6AEA0074FC37 /* +Procedure.swift */ = {isa = PBXFileReference; fileEncoding = 4; lastKnownFileType = sourcecode.swift; path = "+Procedure.swift"; sourceTree = "<group>"; };
		14E786471EAA6AEA0074FC37 /* +Procedure+ControlCommands.swift */ = {isa = PBXFileReference; fileEncoding = 4; lastKnownFileType = sourcecode.swift; path = "+Procedure+ControlCommands.swift"; sourceTree = "<group>"; };
		14E786481EAA6AEA0074FC37 /* +Procedure+DrawCommands.swift */ = {isa = PBXFileReference; fileEncoding = 4; lastKnownFileType = sourcecode.swift; path = "+Procedure+DrawCommands.swift"; sourceTree = "<group>"; };
		14E786491EAA6AEA0074FC37 /* +Procedure+MoveCommands.swift */ = {isa = PBXFileReference; fileEncoding = 4; lastKnownFileType = sourcecode.swift; path = "+Procedure+MoveCommands.swift"; sourceTree = "<group>"; };
		14E7864A1EAA6AEA0074FC37 /* +Procedure+PenCommands.swift */ = {isa = PBXFileReference; fileEncoding = 4; lastKnownFileType = sourcecode.swift; path = "+Procedure+PenCommands.swift"; sourceTree = "<group>"; };
		14E7864B1EAA6AEA0074FC37 /* +Properties.swift */ = {isa = PBXFileReference; fileEncoding = 4; lastKnownFileType = sourcecode.swift; path = "+Properties.swift"; sourceTree = "<group>"; };
		14E7864C1EAA6AEA0074FC37 /* +Type.swift */ = {isa = PBXFileReference; fileEncoding = 4; lastKnownFileType = sourcecode.swift; path = "+Type.swift"; sourceTree = "<group>"; };
		14E7864D1EAA6AEA0074FC37 /* Color.swift */ = {isa = PBXFileReference; fileEncoding = 4; lastKnownFileType = sourcecode.swift; path = Color.swift; sourceTree = "<group>"; };
		14E7864E1EAA6AEA0074FC37 /* ColorPallete.swift */ = {isa = PBXFileReference; fileEncoding = 4; lastKnownFileType = sourcecode.swift; path = ColorPallete.swift; sourceTree = "<group>"; };
		14E7864F1EAA6AEA0074FC37 /* Command.swift */ = {isa = PBXFileReference; fileEncoding = 4; lastKnownFileType = sourcecode.swift; path = Command.swift; sourceTree = "<group>"; };
		14E786501EAA6AEA0074FC37 /* CommandArc.swift */ = {isa = PBXFileReference; fileEncoding = 4; lastKnownFileType = sourcecode.swift; path = CommandArc.swift; sourceTree = "<group>"; };
		14E786511EAA6AEA0074FC37 /* CommandBack.swift */ = {isa = PBXFileReference; fileEncoding = 4; lastKnownFileType = sourcecode.swift; path = CommandBack.swift; sourceTree = "<group>"; };
		14E786521EAA6AEA0074FC37 /* CommandCall.swift */ = {isa = PBXFileReference; fileEncoding = 4; lastKnownFileType = sourcecode.swift; path = CommandCall.swift; sourceTree = "<group>"; };
		14E786531EAA6AEA0074FC37 /* CommandClean.swift */ = {isa = PBXFileReference; fileEncoding = 4; lastKnownFileType = sourcecode.swift; path = CommandClean.swift; sourceTree = "<group>"; };
		14E786541EAA6AEA0074FC37 /* CommandClearScreen.swift */ = {isa = PBXFileReference; fileEncoding = 4; lastKnownFileType = sourcecode.swift; path = CommandClearScreen.swift; sourceTree = "<group>"; };
		14E786551EAA6AEA0074FC37 /* CommandDefine.swift */ = {isa = PBXFileReference; fileEncoding = 4; lastKnownFileType = sourcecode.swift; path = CommandDefine.swift; sourceTree = "<group>"; };
		14E786561EAA6AEA0074FC37 /* CommandDot.swift */ = {isa = PBXFileReference; fileEncoding = 4; lastKnownFileType = sourcecode.swift; path = CommandDot.swift; sourceTree = "<group>"; };
		14E786571EAA6AEA0074FC37 /* CommandForward.swift */ = {isa = PBXFileReference; fileEncoding = 4; lastKnownFileType = sourcecode.swift; path = CommandForward.swift; sourceTree = "<group>"; };
		14E786581EAA6AEA0074FC37 /* CommandHome.swift */ = {isa = PBXFileReference; fileEncoding = 4; lastKnownFileType = sourcecode.swift; path = CommandHome.swift; sourceTree = "<group>"; };
		14E786591EAA6AEA0074FC37 /* CommandIf.swift */ = {isa = PBXFileReference; fileEncoding = 4; lastKnownFileType = sourcecode.swift; path = CommandIf.swift; sourceTree = "<group>"; };
		14E7865A1EAA6AEA0074FC37 /* CommandLeft.swift */ = {isa = PBXFileReference; fileEncoding = 4; lastKnownFileType = sourcecode.swift; path = CommandLeft.swift; sourceTree = "<group>"; };
		14E7865B1EAA6AEA0074FC37 /* CommandLocal.swift */ = {isa = PBXFileReference; fileEncoding = 4; lastKnownFileType = sourcecode.swift; path = CommandLocal.swift; sourceTree = "<group>"; };
		14E7865C1EAA6AEA0074FC37 /* CommandMake.swift */ = {isa = PBXFileReference; fileEncoding = 4; lastKnownFileType = sourcecode.swift; path = CommandMake.swift; sourceTree = "<group>"; };
		14E7865D1EAA6AEA0074FC37 /* CommandPenDown.swift */ = {isa = PBXFileReference; fileEncoding = 4; lastKnownFileType = sourcecode.swift; path = CommandPenDown.swift; sourceTree = "<group>"; };
		14E7865E1EAA6AEA0074FC37 /* CommandPrint.swift */ = {isa = PBXFileReference; fileEncoding = 4; lastKnownFileType = sourcecode.swift; path = CommandPrint.swift; sourceTree = "<group>"; };
		14E7865F1EAA6AEA0074FC37 /* CommandRepeat.swift */ = {isa = PBXFileReference; fileEncoding = 4; lastKnownFileType = sourcecode.swift; path = CommandRepeat.swift; sourceTree = "<group>"; };
		14E786601EAA6AEA0074FC37 /* CommandRight.swift */ = {isa = PBXFileReference; fileEncoding = 4; lastKnownFileType = sourcecode.swift; path = CommandRight.swift; sourceTree = "<group>"; };
		14E786611EAA6AEA0074FC37 /* CommandSetBackground.swift */ = {isa = PBXFileReference; fileEncoding = 4; lastKnownFileType = sourcecode.swift; path = CommandSetBackground.swift; sourceTree = "<group>"; };
		14E786621EAA6AEA0074FC37 /* CommandSetHeading.swift */ = {isa = PBXFileReference; fileEncoding = 4; lastKnownFileType = sourcecode.swift; path = CommandSetHeading.swift; sourceTree = "<group>"; };
		14E786631EAA6AEA0074FC37 /* CommandSetLineCap.swift */ = {isa = PBXFileReference; fileEncoding = 4; lastKnownFileType = sourcecode.swift; path = CommandSetLineCap.swift; sourceTree = "<group>"; };
		14E786641EAA6AEA0074FC37 /* CommandSetLineDash.swift */ = {isa = PBXFileReference; fileEncoding = 4; lastKnownFileType = sourcecode.swift; path = CommandSetLineDash.swift; sourceTree = "<group>"; };
		14E786651EAA6AEA0074FC37 /* CommandSetPenColor.swift */ = {isa = PBXFileReference; fileEncoding = 4; lastKnownFileType = sourcecode.swift; path = CommandSetPenColor.swift; sourceTree = "<group>"; };
		14E786661EAA6AEA0074FC37 /* CommandSetPenWidth.swift */ = {isa = PBXFileReference; fileEncoding = 4; lastKnownFileType = sourcecode.swift; path = CommandSetPenWidth.swift; sourceTree = "<group>"; };
		14E786671EAA6AEA0074FC37 /* CommandSetPosition.swift */ = {isa = PBXFileReference; fileEncoding = 4; lastKnownFileType = sourcecode.swift; path = CommandSetPosition.swift; sourceTree = "<group>"; };
		14E786681EAA6AEA0074FC37 /* CommandSetRGB.swift */ = {isa = PBXFileReference; fileEncoding = 4; lastKnownFileType = sourcecode.swift; path = CommandSetRGB.swift; sourceTree = "<group>"; };
		14E786691EAA6AEA0074FC37 /* CommandSetX.swift */ = {isa = PBXFileReference; fileEncoding = 4; lastKnownFileType = sourcecode.swift; path = CommandSetX.swift; sourceTree = "<group>"; };
		14E7866A1EAA6AEA0074FC37 /* CommandSetY.swift */ = {isa = PBXFileReference; fileEncoding = 4; lastKnownFileType = sourcecode.swift; path = CommandSetY.swift; sourceTree = "<group>"; };
		14E7866B1EAA6AEA0074FC37 /* CommandShowTurtle.swift */ = {isa = PBXFileReference; fileEncoding = 4; lastKnownFileType = sourcecode.swift; path = CommandShowTurtle.swift; sourceTree = "<group>"; };
		14E7866C1EAA6AEA0074FC37 /* CommandWhile.swift */ = {isa = PBXFileReference; fileEncoding = 4; lastKnownFileType = sourcecode.swift; path = CommandWhile.swift; sourceTree = "<group>"; };
		14E7866D1EAA6AEA0074FC37 /* Context.swift */ = {isa = PBXFileReference; fileEncoding = 4; lastKnownFileType = sourcecode.swift; path = Context.swift; sourceTree = "<group>"; };
		OBJ_51 /* TortoiseGraphicsTests.swift */ = {isa = PBXFileReference; lastKnownFileType = sourcecode.swift; path = TortoiseGraphicsTests.swift; sourceTree = "<group>"; };
		OBJ_53 /* TortoiseGraphics.framework */ = {isa = PBXFileReference; explicitFileType = wrapper.framework; path = TortoiseGraphics.framework; sourceTree = BUILT_PRODUCTS_DIR; };
		OBJ_54 /* TortoiseGraphicsTests.xctest */ = {isa = PBXFileReference; explicitFileType = wrapper.cfbundle; path = TortoiseGraphicsTests.xctest; sourceTree = BUILT_PRODUCTS_DIR; };
		OBJ_6 /* Package.swift */ = {isa = PBXFileReference; explicitFileType = sourcecode.swift; path = Package.swift; sourceTree = "<group>"; };
/* End PBXFileReference section */

/* Begin PBXFrameworksBuildPhase section */
		OBJ_101 /* Frameworks */ = {
			isa = PBXFrameworksBuildPhase;
			buildActionMask = 0;
			files = (
			);
			runOnlyForDeploymentPostprocessing = 0;
		};
		OBJ_108 /* Frameworks */ = {
			isa = PBXFrameworksBuildPhase;
			buildActionMask = 0;
			files = (
				OBJ_109 /* TortoiseGraphics.framework in Frameworks */,
			);
			runOnlyForDeploymentPostprocessing = 0;
		};
/* End PBXFrameworksBuildPhase section */

/* Begin PBXGroup section */
		OBJ_49 /* Tests */ = {
			isa = PBXGroup;
			children = (
				OBJ_50 /* TortoiseGraphicsTests */,
			);
			name = Tests;
			sourceTree = SOURCE_ROOT;
		};
		OBJ_5 = {
			isa = PBXGroup;
			children = (
				OBJ_6 /* Package.swift */,
				OBJ_7 /* Sources */,
				OBJ_49 /* Tests */,
				OBJ_52 /* Products */,
			);
			sourceTree = "<group>";
		};
		OBJ_50 /* TortoiseGraphicsTests */ = {
			isa = PBXGroup;
			children = (
				OBJ_51 /* TortoiseGraphicsTests.swift */,
			);
			name = TortoiseGraphicsTests;
			path = Tests/TortoiseGraphicsTests;
			sourceTree = SOURCE_ROOT;
		};
		OBJ_52 /* Products */ = {
			isa = PBXGroup;
			children = (
				OBJ_53 /* TortoiseGraphics.framework */,
				OBJ_54 /* TortoiseGraphicsTests.xctest */,
			);
			name = Products;
			sourceTree = BUILT_PRODUCTS_DIR;
		};
		OBJ_7 /* Sources */ = {
			isa = PBXGroup;
			children = (
				14E786441EAA6AEA0074FC37 /* +Canvas.swift */,
				14E786451EAA6AEA0074FC37 /* +CanvasView.swift */,
				14E786461EAA6AEA0074FC37 /* +Procedure.swift */,
				14E786471EAA6AEA0074FC37 /* +Procedure+ControlCommands.swift */,
				14E786481EAA6AEA0074FC37 /* +Procedure+DrawCommands.swift */,
				14E786491EAA6AEA0074FC37 /* +Procedure+MoveCommands.swift */,
				14E7864A1EAA6AEA0074FC37 /* +Procedure+PenCommands.swift */,
				14E7864B1EAA6AEA0074FC37 /* +Properties.swift */,
				14E7864C1EAA6AEA0074FC37 /* +Type.swift */,
				14E7864D1EAA6AEA0074FC37 /* Color.swift */,
				14E7864E1EAA6AEA0074FC37 /* ColorPallete.swift */,
				14E7864F1EAA6AEA0074FC37 /* Command.swift */,
				14E786501EAA6AEA0074FC37 /* CommandArc.swift */,
				14E786511EAA6AEA0074FC37 /* CommandBack.swift */,
				14E786521EAA6AEA0074FC37 /* CommandCall.swift */,
				14E786531EAA6AEA0074FC37 /* CommandClean.swift */,
				14E786541EAA6AEA0074FC37 /* CommandClearScreen.swift */,
				14E786551EAA6AEA0074FC37 /* CommandDefine.swift */,
				14E786561EAA6AEA0074FC37 /* CommandDot.swift */,
				14E786571EAA6AEA0074FC37 /* CommandForward.swift */,
				14E786581EAA6AEA0074FC37 /* CommandHome.swift */,
				14E786591EAA6AEA0074FC37 /* CommandIf.swift */,
				14E7865A1EAA6AEA0074FC37 /* CommandLeft.swift */,
				14E7865B1EAA6AEA0074FC37 /* CommandLocal.swift */,
				14E7865C1EAA6AEA0074FC37 /* CommandMake.swift */,
				14E7865D1EAA6AEA0074FC37 /* CommandPenDown.swift */,
				14E7865E1EAA6AEA0074FC37 /* CommandPrint.swift */,
				14E7865F1EAA6AEA0074FC37 /* CommandRepeat.swift */,
				14E786601EAA6AEA0074FC37 /* CommandRight.swift */,
				14E786611EAA6AEA0074FC37 /* CommandSetBackground.swift */,
				14E786621EAA6AEA0074FC37 /* CommandSetHeading.swift */,
				14E786631EAA6AEA0074FC37 /* CommandSetLineCap.swift */,
				14E786641EAA6AEA0074FC37 /* CommandSetLineDash.swift */,
				14E786651EAA6AEA0074FC37 /* CommandSetPenColor.swift */,
				14E786661EAA6AEA0074FC37 /* CommandSetPenWidth.swift */,
				14E786671EAA6AEA0074FC37 /* CommandSetPosition.swift */,
				14E786681EAA6AEA0074FC37 /* CommandSetRGB.swift */,
				14E786691EAA6AEA0074FC37 /* CommandSetX.swift */,
				14E7866A1EAA6AEA0074FC37 /* CommandSetY.swift */,
				14E7866B1EAA6AEA0074FC37 /* CommandShowTurtle.swift */,
				14E7866C1EAA6AEA0074FC37 /* CommandWhile.swift */,
				14E7866D1EAA6AEA0074FC37 /* Context.swift */,
				14A170A91EB81FD6009DF3D9 /* CGContext+.swift */,
			);
			path = Sources;
			sourceTree = SOURCE_ROOT;
		};
/* End PBXGroup section */

/* Begin PBXNativeTarget section */
		OBJ_102 /* TortoiseGraphics-macOS-Tests */ = {
			isa = PBXNativeTarget;
			buildConfigurationList = OBJ_103 /* Build configuration list for PBXNativeTarget "TortoiseGraphics-macOS-Tests" */;
			buildPhases = (
				OBJ_106 /* Sources */,
				OBJ_108 /* Frameworks */,
			);
			buildRules = (
			);
			dependencies = (
				OBJ_110 /* PBXTargetDependency */,
			);
			name = "TortoiseGraphics-macOS-Tests";
			productName = TortoiseGraphicsTests;
			productReference = OBJ_54 /* TortoiseGraphicsTests.xctest */;
			productType = "com.apple.product-type.bundle.unit-test";
		};
		OBJ_55 /* TortoiseGraphics-macOS */ = {
			isa = PBXNativeTarget;
			buildConfigurationList = OBJ_56 /* Build configuration list for PBXNativeTarget "TortoiseGraphics-macOS" */;
			buildPhases = (
				OBJ_59 /* Sources */,
				OBJ_101 /* Frameworks */,
			);
			buildRules = (
			);
			dependencies = (
			);
			name = "TortoiseGraphics-macOS";
			productName = TortoiseGraphics;
			productReference = OBJ_53 /* TortoiseGraphics.framework */;
			productType = "com.apple.product-type.framework";
		};
/* End PBXNativeTarget section */

/* Begin PBXProject section */
		OBJ_1 /* Project object */ = {
			isa = PBXProject;
			attributes = {
				LastUpgradeCheck = 9999;
				TargetAttributes = {
					OBJ_55 = {
						LastSwiftMigration = 0830;
					};
				};
			};
			buildConfigurationList = OBJ_2 /* Build configuration list for PBXProject "TortoiseGraphics" */;
			compatibilityVersion = "Xcode 3.2";
			developmentRegion = English;
			hasScannedForEncodings = 0;
			knownRegions = (
				en,
			);
			mainGroup = OBJ_5;
			productRefGroup = OBJ_52 /* Products */;
			projectDirPath = "";
			projectRoot = "";
			targets = (
				OBJ_55 /* TortoiseGraphics-macOS */,
				OBJ_102 /* TortoiseGraphics-macOS-Tests */,
			);
		};
/* End PBXProject section */

/* Begin PBXSourcesBuildPhase section */
		OBJ_106 /* Sources */ = {
			isa = PBXSourcesBuildPhase;
			buildActionMask = 0;
			files = (
				OBJ_107 /* TortoiseGraphicsTests.swift in Sources */,
			);
			runOnlyForDeploymentPostprocessing = 0;
		};
		OBJ_59 /* Sources */ = {
			isa = PBXSourcesBuildPhase;
			buildActionMask = 0;
			files = (
				14E786731EAA6AEA0074FC37 /* +Procedure+MoveCommands.swift in Sources */,
				14E786931EAA6AEA0074FC37 /* CommandSetX.swift in Sources */,
				14E786951EAA6AEA0074FC37 /* CommandShowTurtle.swift in Sources */,
				14E786971EAA6AEA0074FC37 /* Context.swift in Sources */,
				14E786901EAA6AEA0074FC37 /* CommandSetPenWidth.swift in Sources */,
				14E786741EAA6AEA0074FC37 /* +Procedure+PenCommands.swift in Sources */,
				14E786831EAA6AEA0074FC37 /* CommandIf.swift in Sources */,
				14E7867B1EAA6AEA0074FC37 /* CommandBack.swift in Sources */,
				14A170AA1EB81FD6009DF3D9 /* CGContext+.swift in Sources */,
				14E786701EAA6AEA0074FC37 /* +Procedure.swift in Sources */,
				14E786771EAA6AEA0074FC37 /* Color.swift in Sources */,
				14E786841EAA6AEA0074FC37 /* CommandLeft.swift in Sources */,
				14E786851EAA6AEA0074FC37 /* CommandLocal.swift in Sources */,
				14E7866F1EAA6AEA0074FC37 /* +CanvasView.swift in Sources */,
				14E786801EAA6AEA0074FC37 /* CommandDot.swift in Sources */,
				14E786811EAA6AEA0074FC37 /* CommandForward.swift in Sources */,
				14E786921EAA6AEA0074FC37 /* CommandSetRGB.swift in Sources */,
				14E786821EAA6AEA0074FC37 /* CommandHome.swift in Sources */,
				14E786761EAA6AEA0074FC37 /* +Type.swift in Sources */,
				14E786751EAA6AEA0074FC37 /* +Properties.swift in Sources */,
				14E786911EAA6AEA0074FC37 /* CommandSetPosition.swift in Sources */,
				14E7868F1EAA6AEA0074FC37 /* CommandSetPenColor.swift in Sources */,
				14E786891EAA6AEA0074FC37 /* CommandRepeat.swift in Sources */,
				14E786781EAA6AEA0074FC37 /* ColorPallete.swift in Sources */,
				14E7868A1EAA6AEA0074FC37 /* CommandRight.swift in Sources */,
				14E786881EAA6AEA0074FC37 /* CommandPrint.swift in Sources */,
				14E786711EAA6AEA0074FC37 /* +Procedure+ControlCommands.swift in Sources */,
				14E7867C1EAA6AEA0074FC37 /* CommandCall.swift in Sources */,
				14E786961EAA6AEA0074FC37 /* CommandWhile.swift in Sources */,
				14E786871EAA6AEA0074FC37 /* CommandPenDown.swift in Sources */,
				14E786721EAA6AEA0074FC37 /* +Procedure+DrawCommands.swift in Sources */,
				14E7867A1EAA6AEA0074FC37 /* CommandArc.swift in Sources */,
				14E7866E1EAA6AEA0074FC37 /* +Canvas.swift in Sources */,
				14E7867E1EAA6AEA0074FC37 /* CommandClearScreen.swift in Sources */,
				14E7868D1EAA6AEA0074FC37 /* CommandSetLineCap.swift in Sources */,
				14E786791EAA6AEA0074FC37 /* Command.swift in Sources */,
				14E7867F1EAA6AEA0074FC37 /* CommandDefine.swift in Sources */,
				14E7868E1EAA6AEA0074FC37 /* CommandSetLineDash.swift in Sources */,
				14E786861EAA6AEA0074FC37 /* CommandMake.swift in Sources */,
				14E7868C1EAA6AEA0074FC37 /* CommandSetHeading.swift in Sources */,
				14E7868B1EAA6AEA0074FC37 /* CommandSetBackground.swift in Sources */,
				14E786941EAA6AEA0074FC37 /* CommandSetY.swift in Sources */,
				14E7867D1EAA6AEA0074FC37 /* CommandClean.swift in Sources */,
			);
			runOnlyForDeploymentPostprocessing = 0;
		};
/* End PBXSourcesBuildPhase section */

/* Begin PBXTargetDependency section */
		OBJ_110 /* PBXTargetDependency */ = {
			isa = PBXTargetDependency;
			target = OBJ_55 /* TortoiseGraphics-macOS */;
			targetProxy = 14B0E9501EA38438007FBC3D /* PBXContainerItemProxy */;
		};
/* End PBXTargetDependency section */

/* Begin XCBuildConfiguration section */
		OBJ_104 /* Debug */ = {
			isa = XCBuildConfiguration;
			buildSettings = {
				ALWAYS_EMBED_SWIFT_STANDARD_LIBRARIES = YES;
				EMBEDDED_CONTENT_CONTAINS_SWIFT = YES;
				FRAMEWORK_SEARCH_PATHS = (
					"$(inherited)",
					"$(PLATFORM_DIR)/Developer/Library/Frameworks",
				);
				HEADER_SEARCH_PATHS = "$(inherited)";
				INFOPLIST_FILE = TortoiseGraphics.xcodeproj/TortoiseGraphicsTests_Info.plist;
				LD_RUNPATH_SEARCH_PATHS = "@loader_path/../Frameworks @loader_path/Frameworks";
				OTHER_LDFLAGS = "$(inherited)";
				OTHER_SWIFT_FLAGS = "$(inherited)";
				TARGET_NAME = TortoiseGraphicsTests;
			};
			name = Debug;
		};
		OBJ_105 /* Release */ = {
			isa = XCBuildConfiguration;
			buildSettings = {
				ALWAYS_EMBED_SWIFT_STANDARD_LIBRARIES = YES;
				EMBEDDED_CONTENT_CONTAINS_SWIFT = YES;
				FRAMEWORK_SEARCH_PATHS = (
					"$(inherited)",
					"$(PLATFORM_DIR)/Developer/Library/Frameworks",
				);
				HEADER_SEARCH_PATHS = "$(inherited)";
				INFOPLIST_FILE = TortoiseGraphics.xcodeproj/TortoiseGraphicsTests_Info.plist;
				LD_RUNPATH_SEARCH_PATHS = "@loader_path/../Frameworks @loader_path/Frameworks";
				OTHER_LDFLAGS = "$(inherited)";
				OTHER_SWIFT_FLAGS = "$(inherited)";
				TARGET_NAME = TortoiseGraphicsTests;
			};
			name = Release;
		};
		OBJ_3 /* Debug */ = {
			isa = XCBuildConfiguration;
			buildSettings = {
				CLANG_ENABLE_OBJC_ARC = YES;
				COMBINE_HIDPI_IMAGES = YES;
				COPY_PHASE_STRIP = NO;
				DEBUG_INFORMATION_FORMAT = dwarf;
				DYLIB_INSTALL_NAME_BASE = "@rpath";
				ENABLE_NS_ASSERTIONS = YES;
				GCC_OPTIMIZATION_LEVEL = 0;
				MACOSX_DEPLOYMENT_TARGET = 10.10;
				ONLY_ACTIVE_ARCH = YES;
				OTHER_SWIFT_FLAGS = "-DXcode";
				PRODUCT_NAME = "$(TARGET_NAME)";
				SDKROOT = macosx;
				SUPPORTED_PLATFORMS = "macosx iphoneos iphonesimulator appletvos appletvsimulator watchos watchsimulator";
				SWIFT_ACTIVE_COMPILATION_CONDITIONS = SWIFT_PACKAGE;
				SWIFT_OPTIMIZATION_LEVEL = "-Onone";
				SWIFT_VERSION = 3.0;
				USE_HEADERMAP = NO;
			};
			name = Debug;
		};
		OBJ_4 /* Release */ = {
			isa = XCBuildConfiguration;
			buildSettings = {
				CLANG_ENABLE_OBJC_ARC = YES;
				COMBINE_HIDPI_IMAGES = YES;
				COPY_PHASE_STRIP = YES;
				DEBUG_INFORMATION_FORMAT = "dwarf-with-dsym";
				DYLIB_INSTALL_NAME_BASE = "@rpath";
				GCC_OPTIMIZATION_LEVEL = s;
				MACOSX_DEPLOYMENT_TARGET = 10.10;
				OTHER_SWIFT_FLAGS = "-DXcode";
				PRODUCT_NAME = "$(TARGET_NAME)";
				SDKROOT = macosx;
				SUPPORTED_PLATFORMS = "macosx iphoneos iphonesimulator appletvos appletvsimulator watchos watchsimulator";
				SWIFT_ACTIVE_COMPILATION_CONDITIONS = SWIFT_PACKAGE;
				SWIFT_OPTIMIZATION_LEVEL = "-Owholemodule";
				SWIFT_VERSION = 3.0;
				USE_HEADERMAP = NO;
			};
			name = Release;
		};
		OBJ_57 /* Debug */ = {
			isa = XCBuildConfiguration;
			buildSettings = {
				CLANG_ENABLE_MODULES = YES;
				DEFINES_MODULE = YES;
				ENABLE_TESTABILITY = YES;
				FRAMEWORK_SEARCH_PATHS = (
					"$(inherited)",
					"$(PLATFORM_DIR)/Developer/Library/Frameworks",
				);
				HEADER_SEARCH_PATHS = "$(inherited)";
				INFOPLIST_FILE = TortoiseGraphics.xcodeproj/TortoiseGraphics_Info.plist;
				LD_RUNPATH_SEARCH_PATHS = "$(TOOLCHAIN_DIR)/usr/lib/swift/macosx";
				OTHER_LDFLAGS = "$(inherited)";
				OTHER_SWIFT_FLAGS = "$(inherited)";
				PRODUCT_BUNDLE_IDENTIFIER = TortoiseGraphics;
				PRODUCT_MODULE_NAME = "$(TARGET_NAME:c99extidentifier)";
				PRODUCT_NAME = "$(TARGET_NAME:c99extidentifier)";
				SKIP_INSTALL = YES;
				SWIFT_OPTIMIZATION_LEVEL = "-Onone";
				SWIFT_VERSION = 3.0;
				TARGET_NAME = TortoiseGraphics;
			};
			name = Debug;
		};
		OBJ_58 /* Release */ = {
			isa = XCBuildConfiguration;
			buildSettings = {
				CLANG_ENABLE_MODULES = YES;
				DEFINES_MODULE = YES;
				ENABLE_TESTABILITY = YES;
				FRAMEWORK_SEARCH_PATHS = (
					"$(inherited)",
					"$(PLATFORM_DIR)/Developer/Library/Frameworks",
				);
				HEADER_SEARCH_PATHS = "$(inherited)";
				INFOPLIST_FILE = TortoiseGraphics.xcodeproj/TortoiseGraphics_Info.plist;
				LD_RUNPATH_SEARCH_PATHS = "$(TOOLCHAIN_DIR)/usr/lib/swift/macosx";
				OTHER_LDFLAGS = "$(inherited)";
				OTHER_SWIFT_FLAGS = "$(inherited)";
				PRODUCT_BUNDLE_IDENTIFIER = TortoiseGraphics;
				PRODUCT_MODULE_NAME = "$(TARGET_NAME:c99extidentifier)";
				PRODUCT_NAME = "$(TARGET_NAME:c99extidentifier)";
				SKIP_INSTALL = YES;
				SWIFT_VERSION = 3.0;
				TARGET_NAME = TortoiseGraphics;
			};
			name = Release;
		};
/* End XCBuildConfiguration section */

/* Begin XCConfigurationList section */
		OBJ_103 /* Build configuration list for PBXNativeTarget "TortoiseGraphics-macOS-Tests" */ = {
			isa = XCConfigurationList;
			buildConfigurations = (
				OBJ_104 /* Debug */,
				OBJ_105 /* Release */,
			);
			defaultConfigurationIsVisible = 0;
			defaultConfigurationName = Debug;
		};
		OBJ_2 /* Build configuration list for PBXProject "TortoiseGraphics" */ = {
			isa = XCConfigurationList;
			buildConfigurations = (
				OBJ_3 /* Debug */,
				OBJ_4 /* Release */,
			);
			defaultConfigurationIsVisible = 0;
			defaultConfigurationName = Debug;
		};
		OBJ_56 /* Build configuration list for PBXNativeTarget "TortoiseGraphics-macOS" */ = {
			isa = XCConfigurationList;
			buildConfigurations = (
				OBJ_57 /* Debug */,
				OBJ_58 /* Release */,
			);
			defaultConfigurationIsVisible = 0;
			defaultConfigurationName = Debug;
		};
/* End XCConfigurationList section */
	};
	rootObject = OBJ_1 /* Project object */;
}
